
Microsoft Visual Studio Solution File, Format Version 12.00
# Visual Studio Version 17
VisualStudioVersion = 17.0.32014.148
MinimumVisualStudioVersion = 10.0.40219.1
Project("{FAE04EC0-301F-11D3-BF4B-00C04F79EFBC}") = "RestaurantPAOOWPF", "RestaurantPAOOWPF\RestaurantPAOOWPF.csproj", "{C105F7A1-2FB2-4C03-9917-6C650736D921}"
EndProject
Project("{2150E333-8FDC-42A3-9474-1A3956D46DE8}") = "Solution Items", "Solution Items", "{25C21A38-546B-4386-A382-9C3ACD86465E}"
	ProjectSection(SolutionItems) = preProject
		IOManager.cs = IOManager.cs
	EndProjectSection
EndProject
Global
	GlobalSection(SolutionConfigurationPlatforms) = preSolution
		Debug|Any CPU = Debug|Any CPU
		Release|Any CPU = Release|Any CPU
	EndGlobalSection
	GlobalSection(ProjectConfigurationPlatforms) = postSolution
		{C105F7A1-2FB2-4C03-9917-6C650736D921}.Debug|Any CPU.ActiveCfg = Debug|Any CPU
		{C105F7A1-2FB2-4C03-9917-6C650736D921}.Debug|Any CPU.Build.0 = Debug|Any CPU
		{C105F7A1-2FB2-4C03-9917-6C650736D921}.Release|Any CPU.ActiveCfg = Release|Any CPU
		{C105F7A1-2FB2-4C03-9917-6C650736D921}.Release|Any CPU.Build.0 = Release|Any CPU
	EndGlobalSection
	GlobalSection(SolutionProperties) = preSolution
		HideSolutionNode = FALSE
	EndGlobalSection
	GlobalSection(ExtensibilityGlobals) = postSolution
		SolutionGuid = {62CD75C7-13EC-4724-90FE-7954EF1B9F2D}
	EndGlobalSection
EndGlobal
